
Microsoft Visual Studio Solution File, Format Version 12.00
# Visual Studio Version 17
VisualStudioVersion = 17.8.34112.27
MinimumVisualStudioVersion = 10.0.40219.1
Project("{9A19103F-16F7-4668-BE54-9A1E7A4F7556}") = "BulkyWeb", "BulkyWeb.csproj", "{D90C65A7-356F-4445-8691-034E5DC838A4}"
EndProject
Project("{FAE04EC0-301F-11D3-BF4B-00C04F79EFBC}") = "Bulky.DataAccess", "..\Bulky.DataAccess\Bulky.DataAccess.csproj", "{8493F9D8-8DF1-4C00-B08D-2141F3B96A5C}"
EndProject
Project("{FAE04EC0-301F-11D3-BF4B-00C04F79EFBC}") = "Bulky.Models", "..\Bulky.Models\Bulky.Models.csproj", "{D538B8FD-B7AA-4D31-98E4-B70F612FE764}"
EndProject
Project("{FAE04EC0-301F-11D3-BF4B-00C04F79EFBC}") = "Bulky.Utility", "..\Bulky.Utility\Bulky.Utility.csproj", "{676D48C1-9D73-49A1-976C-5C4D1F87AB79}"
EndProject
Global
	GlobalSection(SolutionConfigurationPlatforms) = preSolution
		Debug|Any CPU = Debug|Any CPU
		Release|Any CPU = Release|Any CPU
	EndGlobalSection
	GlobalSection(ProjectConfigurationPlatforms) = postSolution
		{D90C65A7-356F-4445-8691-034E5DC838A4}.Debug|Any CPU.ActiveCfg = Debug|Any CPU
		{D90C65A7-356F-4445-8691-034E5DC838A4}.Debug|Any CPU.Build.0 = Debug|Any CPU
		{D90C65A7-356F-4445-8691-034E5DC838A4}.Release|Any CPU.ActiveCfg = Release|Any CPU
		{D90C65A7-356F-4445-8691-034E5DC838A4}.Release|Any CPU.Build.0 = Release|Any CPU
		{8493F9D8-8DF1-4C00-B08D-2141F3B96A5C}.Debug|Any CPU.ActiveCfg = Debug|Any CPU
		{8493F9D8-8DF1-4C00-B08D-2141F3B96A5C}.Debug|Any CPU.Build.0 = Debug|Any CPU
		{8493F9D8-8DF1-4C00-B08D-2141F3B96A5C}.Release|Any CPU.ActiveCfg = Release|Any CPU
		{8493F9D8-8DF1-4C00-B08D-2141F3B96A5C}.Release|Any CPU.Build.0 = Release|Any CPU
		{D538B8FD-B7AA-4D31-98E4-B70F612FE764}.Debug|Any CPU.ActiveCfg = Debug|Any CPU
		{D538B8FD-B7AA-4D31-98E4-B70F612FE764}.Debug|Any CPU.Build.0 = Debug|Any CPU
		{D538B8FD-B7AA-4D31-98E4-B70F612FE764}.Release|Any CPU.ActiveCfg = Release|Any CPU
		{D538B8FD-B7AA-4D31-98E4-B70F612FE764}.Release|Any CPU.Build.0 = Release|Any CPU
		{676D48C1-9D73-49A1-976C-5C4D1F87AB79}.Debug|Any CPU.ActiveCfg = Debug|Any CPU
		{676D48C1-9D73-49A1-976C-5C4D1F87AB79}.Debug|Any CPU.Build.0 = Debug|Any CPU
		{676D48C1-9D73-49A1-976C-5C4D1F87AB79}.Release|Any CPU.ActiveCfg = Release|Any CPU
		{676D48C1-9D73-49A1-976C-5C4D1F87AB79}.Release|Any CPU.Build.0 = Release|Any CPU
	EndGlobalSection
	GlobalSection(SolutionProperties) = preSolution
		HideSolutionNode = FALSE
	EndGlobalSection
	GlobalSection(ExtensibilityGlobals) = postSolution
		SolutionGuid = {93395FF8-7B81-4D7A-8BD0-DA2391E0CFCF}
	EndGlobalSection
EndGlobal
